
Microsoft Visual Studio Solution File, Format Version 12.00
# Visual Studio 15
VisualStudioVersion = 15.0.28010.2048
MinimumVisualStudioVersion = 10.0.40219.1
Project("{FAE04EC0-301F-11D3-BF4B-00C04F79EFBC}") = "EmployeesTasks.Data", "EmployeesTasks.Data\EmployeesTasks.Data.csproj", "{803970FA-E083-4E5C-B7E5-26CDE179DEE1}"
EndProject
Project("{FAE04EC0-301F-11D3-BF4B-00C04F79EFBC}") = "EmployeesTasks.Web", "EmployeesTasks.Web\EmployeesTasks.Web.csproj", "{9A262653-5D4E-455E-82E7-004B6441FABB}"
EndProject
Global
	GlobalSection(SolutionConfigurationPlatforms) = preSolution
		Debug|Any CPU = Debug|Any CPU
		Release|Any CPU = Release|Any CPU
	EndGlobalSection
	GlobalSection(ProjectConfigurationPlatforms) = postSolution
		{803970FA-E083-4E5C-B7E5-26CDE179DEE1}.Debug|Any CPU.ActiveCfg = Debug|Any CPU
		{803970FA-E083-4E5C-B7E5-26CDE179DEE1}.Debug|Any CPU.Build.0 = Debug|Any CPU
		{803970FA-E083-4E5C-B7E5-26CDE179DEE1}.Release|Any CPU.ActiveCfg = Release|Any CPU
		{803970FA-E083-4E5C-B7E5-26CDE179DEE1}.Release|Any CPU.Build.0 = Release|Any CPU
		{9A262653-5D4E-455E-82E7-004B6441FABB}.Debug|Any CPU.ActiveCfg = Debug|Any CPU
		{9A262653-5D4E-455E-82E7-004B6441FABB}.Debug|Any CPU.Build.0 = Debug|Any CPU
		{9A262653-5D4E-455E-82E7-004B6441FABB}.Release|Any CPU.ActiveCfg = Release|Any CPU
		{9A262653-5D4E-455E-82E7-004B6441FABB}.Release|Any CPU.Build.0 = Release|Any CPU
	EndGlobalSection
	GlobalSection(SolutionProperties) = preSolution
		HideSolutionNode = FALSE
	EndGlobalSection
	GlobalSection(ExtensibilityGlobals) = postSolution
		SolutionGuid = {B37C1A97-DD3A-47C9-B7F6-7F264DE41357}
	EndGlobalSection
EndGlobal
